
Microsoft Visual Studio Solution File, Format Version 12.00
# Visual Studio 15
VisualStudioVersion = 15.0.27130.2003
MinimumVisualStudioVersion = 10.0.40219.1
Project("{FAE04EC0-301F-11D3-BF4B-00C04F79EFBC}") = "Basics", "Basics\Basics.csproj", "{97E2FCDA-2B01-49F9-BD13-63B53C7F576A}"
EndProject
Project("{FAE04EC0-301F-11D3-BF4B-00C04F79EFBC}") = "VisualStudioInstaller", "VisualStudioInstaller\VisualStudioInstaller.csproj", "{A9BCAB2B-BAF1-4FCE-9627-7243B82DBD33}"
EndProject
Global
	GlobalSection(SolutionConfigurationPlatforms) = preSolution
		Debug|Any CPU = Debug|Any CPU
		Release|Any CPU = Release|Any CPU
	EndGlobalSection
	GlobalSection(ProjectConfigurationPlatforms) = postSolution
		{97E2FCDA-2B01-49F9-BD13-63B53C7F576A}.Debug|Any CPU.ActiveCfg = Debug|Any CPU
		{97E2FCDA-2B01-49F9-BD13-63B53C7F576A}.Debug|Any CPU.Build.0 = Debug|Any CPU
		{97E2FCDA-2B01-49F9-BD13-63B53C7F576A}.Release|Any CPU.ActiveCfg = Release|Any CPU
		{97E2FCDA-2B01-49F9-BD13-63B53C7F576A}.Release|Any CPU.Build.0 = Release|Any CPU
		{A9BCAB2B-BAF1-4FCE-9627-7243B82DBD33}.Debug|Any CPU.ActiveCfg = Debug|Any CPU
		{A9BCAB2B-BAF1-4FCE-9627-7243B82DBD33}.Debug|Any CPU.Build.0 = Debug|Any CPU
		{A9BCAB2B-BAF1-4FCE-9627-7243B82DBD33}.Release|Any CPU.ActiveCfg = Release|Any CPU
		{A9BCAB2B-BAF1-4FCE-9627-7243B82DBD33}.Release|Any CPU.Build.0 = Release|Any CPU
	EndGlobalSection
	GlobalSection(SolutionProperties) = preSolution
		HideSolutionNode = FALSE
	EndGlobalSection
	GlobalSection(ExtensibilityGlobals) = postSolution
		SolutionGuid = {18F0D866-BA8D-401C-9F91-310996FBB23B}
	EndGlobalSection
EndGlobal
